
Microsoft Visual Studio Solution File, Format Version 12.00
# Visual Studio 15
VisualStudioVersion = 15.0.28010.0
MinimumVisualStudioVersion = 10.0.40219.1
Project("{9A19103F-16F7-4668-BE54-9A1E7A4F7556}") = "Backend", "Backend\Backend.csproj", "{ECA8202B-4632-476A-A0EC-31B5E0B2F2DE}"
EndProject
Project("{FAE04EC0-301F-11D3-BF4B-00C04F79EFBC}") = "NavMeshComponents", "Frontend\NavMeshComponents.csproj", "{2EF3D594-219E-34DD-3C7E-BDE1FED009B6}"
EndProject
Project("{FAE04EC0-301F-11D3-BF4B-00C04F79EFBC}") = "PackageManagerCheck", "Frontend\PackageManagerCheck.csproj", "{1640A0AE-389F-83C3-B9F5-42A313FDF72A}"
EndProject
Project("{FAE04EC0-301F-11D3-BF4B-00C04F79EFBC}") = "SimpleSFXRuntime", "Frontend\SimpleSFXRuntime.csproj", "{4644AFB4-D081-E007-5856-572290CDCEBF}"
EndProject
Project("{FAE04EC0-301F-11D3-BF4B-00C04F79EFBC}") = "Skybox3DRuntime", "Frontend\Skybox3DRuntime.csproj", "{E7EFC369-4831-A867-2280-C63A7E69CEE4}"
EndProject
Project("{FAE04EC0-301F-11D3-BF4B-00C04F79EFBC}") = "WorldBuildingRuntime", "Frontend\WorldBuildingRuntime.csproj", "{B62F5D43-2D79-5C76-0508-1D989183BFC1}"
EndProject
Project("{FAE04EC0-301F-11D3-BF4B-00C04F79EFBC}") = "Assembly-CSharp", "Frontend\Assembly-CSharp.csproj", "{96D7E5BF-CF8C-792A-45E8-C2666D4356EF}"
EndProject
Global
	GlobalSection(SolutionConfigurationPlatforms) = preSolution
		Debug|Any CPU = Debug|Any CPU
		Release|Any CPU = Release|Any CPU
	EndGlobalSection
	GlobalSection(ProjectConfigurationPlatforms) = postSolution
		{ECA8202B-4632-476A-A0EC-31B5E0B2F2DE}.Debug|Any CPU.ActiveCfg = Debug|Any CPU
		{ECA8202B-4632-476A-A0EC-31B5E0B2F2DE}.Debug|Any CPU.Build.0 = Debug|Any CPU
		{ECA8202B-4632-476A-A0EC-31B5E0B2F2DE}.Release|Any CPU.ActiveCfg = Release|Any CPU
		{ECA8202B-4632-476A-A0EC-31B5E0B2F2DE}.Release|Any CPU.Build.0 = Release|Any CPU
		{2EF3D594-219E-34DD-3C7E-BDE1FED009B6}.Debug|Any CPU.ActiveCfg = Debug|Any CPU
		{2EF3D594-219E-34DD-3C7E-BDE1FED009B6}.Debug|Any CPU.Build.0 = Debug|Any CPU
		{2EF3D594-219E-34DD-3C7E-BDE1FED009B6}.Release|Any CPU.ActiveCfg = Release|Any CPU
		{2EF3D594-219E-34DD-3C7E-BDE1FED009B6}.Release|Any CPU.Build.0 = Release|Any CPU
		{1640A0AE-389F-83C3-B9F5-42A313FDF72A}.Debug|Any CPU.ActiveCfg = Debug|Any CPU
		{1640A0AE-389F-83C3-B9F5-42A313FDF72A}.Debug|Any CPU.Build.0 = Debug|Any CPU
		{1640A0AE-389F-83C3-B9F5-42A313FDF72A}.Release|Any CPU.ActiveCfg = Release|Any CPU
		{1640A0AE-389F-83C3-B9F5-42A313FDF72A}.Release|Any CPU.Build.0 = Release|Any CPU
		{4644AFB4-D081-E007-5856-572290CDCEBF}.Debug|Any CPU.ActiveCfg = Debug|Any CPU
		{4644AFB4-D081-E007-5856-572290CDCEBF}.Debug|Any CPU.Build.0 = Debug|Any CPU
		{4644AFB4-D081-E007-5856-572290CDCEBF}.Release|Any CPU.ActiveCfg = Release|Any CPU
		{4644AFB4-D081-E007-5856-572290CDCEBF}.Release|Any CPU.Build.0 = Release|Any CPU
		{E7EFC369-4831-A867-2280-C63A7E69CEE4}.Debug|Any CPU.ActiveCfg = Debug|Any CPU
		{E7EFC369-4831-A867-2280-C63A7E69CEE4}.Debug|Any CPU.Build.0 = Debug|Any CPU
		{E7EFC369-4831-A867-2280-C63A7E69CEE4}.Release|Any CPU.ActiveCfg = Release|Any CPU
		{E7EFC369-4831-A867-2280-C63A7E69CEE4}.Release|Any CPU.Build.0 = Release|Any CPU
		{B62F5D43-2D79-5C76-0508-1D989183BFC1}.Debug|Any CPU.ActiveCfg = Debug|Any CPU
		{B62F5D43-2D79-5C76-0508-1D989183BFC1}.Debug|Any CPU.Build.0 = Debug|Any CPU
		{B62F5D43-2D79-5C76-0508-1D989183BFC1}.Release|Any CPU.ActiveCfg = Release|Any CPU
		{B62F5D43-2D79-5C76-0508-1D989183BFC1}.Release|Any CPU.Build.0 = Release|Any CPU
		{96D7E5BF-CF8C-792A-45E8-C2666D4356EF}.Debug|Any CPU.ActiveCfg = Debug|Any CPU
		{96D7E5BF-CF8C-792A-45E8-C2666D4356EF}.Debug|Any CPU.Build.0 = Debug|Any CPU
		{96D7E5BF-CF8C-792A-45E8-C2666D4356EF}.Release|Any CPU.ActiveCfg = Release|Any CPU
		{96D7E5BF-CF8C-792A-45E8-C2666D4356EF}.Release|Any CPU.Build.0 = Release|Any CPU
	EndGlobalSection
	GlobalSection(SolutionProperties) = preSolution
		HideSolutionNode = FALSE
	EndGlobalSection
	GlobalSection(ExtensibilityGlobals) = postSolution
		SolutionGuid = {62090ECC-1AB5-473F-94DC-A155F6289D86}
	EndGlobalSection
EndGlobal
