
Microsoft Visual Studio Solution File, Format Version 12.00
# Visual Studio 15
VisualStudioVersion = 15.0.28010.0
MinimumVisualStudioVersion = 10.0.40219.1
Project("{9A19103F-16F7-4668-BE54-9A1E7A4F7556}") = "Backend", "Backend.csproj", "{BA0A0DA8-ECA3-4E26-968A-3B50EBC9E357}"
EndProject
Project("{FAE04EC0-301F-11D3-BF4B-00C04F79EFBC}") = "Assembly-CSharp", "..\Frontend\Assembly-CSharp.csproj", "{96D7E5BF-CF8C-792A-45E8-C2666D4356EF}"
EndProject
Global
	GlobalSection(SolutionConfigurationPlatforms) = preSolution
		Debug|Any CPU = Debug|Any CPU
		Release|Any CPU = Release|Any CPU
	EndGlobalSection
	GlobalSection(ProjectConfigurationPlatforms) = postSolution
		{BA0A0DA8-ECA3-4E26-968A-3B50EBC9E357}.Debug|Any CPU.ActiveCfg = Debug|Any CPU
		{BA0A0DA8-ECA3-4E26-968A-3B50EBC9E357}.Debug|Any CPU.Build.0 = Debug|Any CPU
		{BA0A0DA8-ECA3-4E26-968A-3B50EBC9E357}.Release|Any CPU.ActiveCfg = Release|Any CPU
		{BA0A0DA8-ECA3-4E26-968A-3B50EBC9E357}.Release|Any CPU.Build.0 = Release|Any CPU
		{96D7E5BF-CF8C-792A-45E8-C2666D4356EF}.Debug|Any CPU.ActiveCfg = Debug|Any CPU
		{96D7E5BF-CF8C-792A-45E8-C2666D4356EF}.Debug|Any CPU.Build.0 = Debug|Any CPU
		{96D7E5BF-CF8C-792A-45E8-C2666D4356EF}.Release|Any CPU.ActiveCfg = Release|Any CPU
		{96D7E5BF-CF8C-792A-45E8-C2666D4356EF}.Release|Any CPU.Build.0 = Release|Any CPU
	EndGlobalSection
	GlobalSection(SolutionProperties) = preSolution
		HideSolutionNode = FALSE
	EndGlobalSection
	GlobalSection(ExtensibilityGlobals) = postSolution
		SolutionGuid = {62090ECC-1AB5-473F-94DC-A155F6289D86}
	EndGlobalSection
EndGlobal
